
Microsoft Visual Studio Solution File, Format Version 12.00
# Visual Studio Version 17
VisualStudioVersion = 17.14.36221.1
MinimumVisualStudioVersion = 10.0.40219.1
Project("{2150E333-8FDC-42A3-9474-1A3956D46DE8}") = "src", "src", "{02EA681E-C7D8-13C7-8484-4AC65E1B71E8}"
EndProject
Project("{2150E333-8FDC-42A3-9474-1A3956D46DE8}") = "API", "API", "{110DA07A-89B9-4C04-A0DC-E238026F3979}"
EndProject
Project("{FAE04EC0-301F-11D3-BF4B-00C04F79EFBC}") = "M3.Net.Api", "src\API\M3.Net.Api\M3.Net.Api.csproj", "{8A110B4A-C9ED-40B1-8EA2-688FB7B4D627}"
EndProject
Project("{2150E333-8FDC-42A3-9474-1A3956D46DE8}") = "Solution Items", "Solution Items", "{8EC462FD-D22E-90A8-E5CE-7E832BA40C5D}"
	ProjectSection(SolutionItems) = preProject
		.editorconfig = .editorconfig
		Directory.Build.props = Directory.Build.props
		Directory.Packages.props = Directory.Packages.props
	EndProjectSection
EndProject
Project("{E53339B2-1760-4266-BCC7-CA923CBCF16C}") = "docker-compose", "docker-compose.dcproj", "{81DDED9D-158B-E303-5F62-77A2896D2A5A}"
EndProject
Project("{2150E333-8FDC-42A3-9474-1A3956D46DE8}") = "Common", "Common", "{74276116-B585-499D-94C4-A909DEE2DE10}"
EndProject
Project("{2150E333-8FDC-42A3-9474-1A3956D46DE8}") = "M3.Net.Common.Application", "M3.Net.Common.Application", "{DDF2C957-DB54-47FE-9598-BC947B652207}"
EndProject
Project("{FAE04EC0-301F-11D3-BF4B-00C04F79EFBC}") = "M3.Net.Common.Application", "src\Common\M3.Net.Common.Application\M3.Net.Common.Application.csproj", "{BFC88DE0-8430-436B-922D-8C6442DC5209}"
EndProject
Project("{2150E333-8FDC-42A3-9474-1A3956D46DE8}") = "M3.Net.Common.Domain", "M3.Net.Common.Domain", "{A2972606-49D8-432A-9080-8F9ACC041BBE}"
EndProject
Project("{2150E333-8FDC-42A3-9474-1A3956D46DE8}") = "M3.Net.Common.Infrastructure", "M3.Net.Common.Infrastructure", "{D411BCB0-AF88-4AAD-ABEA-50BF46A7069F}"
EndProject
Project("{2150E333-8FDC-42A3-9474-1A3956D46DE8}") = "M3.Net.Common.Presentation", "M3.Net.Common.Presentation", "{D7B25467-4232-4131-8991-78BB3D4A0812}"
EndProject
Project("{FAE04EC0-301F-11D3-BF4B-00C04F79EFBC}") = "M3.Net.Common.Domain", "src\Common\M3.Net.Common.Domain\M3.Net.Common.Domain.csproj", "{F10A78A6-D520-4A60-96AF-7A1F835704B2}"
EndProject
Project("{FAE04EC0-301F-11D3-BF4B-00C04F79EFBC}") = "M3.Net.Common.Infrastructure", "src\Common\M3.Net.Common.Infrastructure\M3.Net.Common.Infrastructure.csproj", "{6014D127-82CB-46B0-B949-4BF9404C5F1F}"
EndProject
Project("{FAE04EC0-301F-11D3-BF4B-00C04F79EFBC}") = "M3.Net.Common.Presentation", "src\Common\M3.Net.Common.Presentation\M3.Net.Common.Presentation.csproj", "{299A9C99-E61A-4DAC-8061-9BE371934033}"
EndProject
Project("{2150E333-8FDC-42A3-9474-1A3956D46DE8}") = "Modules", "Modules", "{C27D1CBB-7D25-4442-A4E7-ADBB42B2775F}"
EndProject
Project("{2150E333-8FDC-42A3-9474-1A3956D46DE8}") = "Users", "Users", "{9450ACB4-77B2-4329-BBE5-E05CCFC994CC}"
EndProject
Project("{2150E333-8FDC-42A3-9474-1A3956D46DE8}") = "M3.Net.Modules.Users.Application", "M3.Net.Modules.Users.Application", "{95D0A296-3ADF-46F3-B634-2948C40FDBE3}"
EndProject
Project("{FAE04EC0-301F-11D3-BF4B-00C04F79EFBC}") = "M3.Net.Modules.Users.Application", "src\Modules\Users\M3.Net.Modules.Users.Application\M3.Net.Modules.Users.Application.csproj", "{7E8152B5-B0B2-4AD7-8146-52410F20DD1A}"
EndProject
Project("{2150E333-8FDC-42A3-9474-1A3956D46DE8}") = "M3.Net.Modules.Users.ArchitectureTests", "M3.Net.Modules.Users.ArchitectureTests", "{6F00B4DD-B717-40BD-ACAB-E82DCB8B4ECB}"
EndProject
Project("{2150E333-8FDC-42A3-9474-1A3956D46DE8}") = "M3.Net.Modules.Users.Domain", "M3.Net.Modules.Users.Domain", "{FE7B4BA6-D01B-4B6C-978A-0FB30BD029B5}"
EndProject
Project("{2150E333-8FDC-42A3-9474-1A3956D46DE8}") = "M3.Net.Modules.Users.Infrastructure", "M3.Net.Modules.Users.Infrastructure", "{22D5FEEE-E70E-4DC2-BA75-A36B436B7C0B}"
EndProject
Project("{2150E333-8FDC-42A3-9474-1A3956D46DE8}") = "M3.Net.Modules.Users.IntegrationEvents", "M3.Net.Modules.Users.IntegrationEvents", "{7E45475F-DD51-422E-A5DC-A692E9D07D70}"
EndProject
Project("{2150E333-8FDC-42A3-9474-1A3956D46DE8}") = "M3.Net.Modules.Users.IntegrationTests", "M3.Net.Modules.Users.IntegrationTests", "{30171A17-3E75-4F69-9ED3-7F151B5B7F60}"
EndProject
Project("{2150E333-8FDC-42A3-9474-1A3956D46DE8}") = "M3.Net.Modules.Users.Presentation", "M3.Net.Modules.Users.Presentation", "{CD8EF0D0-4AFF-460C-8EDA-7E070763D9CB}"
EndProject
Project("{2150E333-8FDC-42A3-9474-1A3956D46DE8}") = "M3.Net.Modules.Users.UnitTests", "M3.Net.Modules.Users.UnitTests", "{C3A6C1E9-5E05-4944-BDFC-DC46815F255D}"
EndProject
Project("{FAE04EC0-301F-11D3-BF4B-00C04F79EFBC}") = "M3.Net.Modules.Users.ArchitectureTests", "src\Modules\Users\M3.Net.Modules.Users.ArchitectureTests\M3.Net.Modules.Users.ArchitectureTests.csproj", "{7168B762-31BE-485F-BC65-E69BC9B43998}"
EndProject
Project("{FAE04EC0-301F-11D3-BF4B-00C04F79EFBC}") = "M3.Net.Modules.Users.Domain", "src\Modules\Users\M3.Net.Modules.Users.Domain\M3.Net.Modules.Users.Domain.csproj", "{762F10DB-5B3B-4D18-B398-2A4198DA6A5E}"
EndProject
Project("{FAE04EC0-301F-11D3-BF4B-00C04F79EFBC}") = "M3.Net.Modules.Users.Infrastructure", "src\Modules\Users\M3.Net.Modules.Users.Infrastructure\M3.Net.Modules.Users.Infrastructure.csproj", "{63FFD297-E989-4E41-8C60-56DAAD1DFF0F}"
EndProject
Project("{FAE04EC0-301F-11D3-BF4B-00C04F79EFBC}") = "M3.Net.Modules.Users.IntegrationEvents", "src\Modules\Users\M3.Net.Modules.Users.IntegrationEvents\M3.Net.Modules.Users.IntegrationEvents.csproj", "{FD669023-630F-4405-980E-A43D310A277D}"
EndProject
Project("{FAE04EC0-301F-11D3-BF4B-00C04F79EFBC}") = "M3.Net.Modules.Users.IntegrationTests", "src\Modules\Users\M3.Net.Modules.Users.IntegrationTests\M3.Net.Modules.Users.IntegrationTests.csproj", "{94A774DB-D56A-4E63-9D03-4A5649A09C9C}"
EndProject
Project("{FAE04EC0-301F-11D3-BF4B-00C04F79EFBC}") = "M3.Net.Modules.Users.Presentation", "src\Modules\Users\M3.Net.Modules.Users.Presentation\M3.Net.Modules.Users.Presentation.csproj", "{C9EEA935-087D-41C5-B018-B27749714B1D}"
EndProject
Project("{FAE04EC0-301F-11D3-BF4B-00C04F79EFBC}") = "M3.Net.Modules.Users.UnitTests", "src\Modules\Users\M3.Net.Modules.Users.UnitTests\M3.Net.Modules.Users.UnitTests.csproj", "{63CE43EA-5469-47D6-8067-ADE56E0F5BED}"
EndProject
Project("{2150E333-8FDC-42A3-9474-1A3956D46DE8}") = "Transcripts", "Transcripts", "{E07B2972-1659-4043-9113-1B5ED4B7BC39}"
EndProject
Project("{2150E333-8FDC-42A3-9474-1A3956D46DE8}") = "M3.Net.Modules.Transcripts.Application", "M3.Net.Modules.Transcripts.Application", "{7501D9AE-34E2-4AEE-89E3-F5024B872D30}"
EndProject
Project("{FAE04EC0-301F-11D3-BF4B-00C04F79EFBC}") = "M3.Net.Modules.Transcripts.Application", "src\Modules\Transcripts\M3.Net.Modules.Transcripts.Application\M3.Net.Modules.Transcripts.Application.csproj", "{C71AD5B6-223F-406F-BBFA-C3B4994D60D9}"
EndProject
Global
	GlobalSection(SolutionConfigurationPlatforms) = preSolution
		Debug|Any CPU = Debug|Any CPU
		Release|Any CPU = Release|Any CPU
	EndGlobalSection
	GlobalSection(ProjectConfigurationPlatforms) = postSolution
		{8A110B4A-C9ED-40B1-8EA2-688FB7B4D627}.Debug|Any CPU.ActiveCfg = Debug|Any CPU
		{8A110B4A-C9ED-40B1-8EA2-688FB7B4D627}.Debug|Any CPU.Build.0 = Debug|Any CPU
		{8A110B4A-C9ED-40B1-8EA2-688FB7B4D627}.Release|Any CPU.ActiveCfg = Release|Any CPU
		{8A110B4A-C9ED-40B1-8EA2-688FB7B4D627}.Release|Any CPU.Build.0 = Release|Any CPU
		{81DDED9D-158B-E303-5F62-77A2896D2A5A}.Debug|Any CPU.ActiveCfg = Debug|Any CPU
		{81DDED9D-158B-E303-5F62-77A2896D2A5A}.Debug|Any CPU.Build.0 = Debug|Any CPU
		{81DDED9D-158B-E303-5F62-77A2896D2A5A}.Release|Any CPU.ActiveCfg = Release|Any CPU
		{81DDED9D-158B-E303-5F62-77A2896D2A5A}.Release|Any CPU.Build.0 = Release|Any CPU
		{BFC88DE0-8430-436B-922D-8C6442DC5209}.Debug|Any CPU.ActiveCfg = Debug|Any CPU
		{BFC88DE0-8430-436B-922D-8C6442DC5209}.Debug|Any CPU.Build.0 = Debug|Any CPU
		{BFC88DE0-8430-436B-922D-8C6442DC5209}.Release|Any CPU.ActiveCfg = Release|Any CPU
		{BFC88DE0-8430-436B-922D-8C6442DC5209}.Release|Any CPU.Build.0 = Release|Any CPU
		{F10A78A6-D520-4A60-96AF-7A1F835704B2}.Debug|Any CPU.ActiveCfg = Debug|Any CPU
		{F10A78A6-D520-4A60-96AF-7A1F835704B2}.Debug|Any CPU.Build.0 = Debug|Any CPU
		{F10A78A6-D520-4A60-96AF-7A1F835704B2}.Release|Any CPU.ActiveCfg = Release|Any CPU
		{F10A78A6-D520-4A60-96AF-7A1F835704B2}.Release|Any CPU.Build.0 = Release|Any CPU
		{6014D127-82CB-46B0-B949-4BF9404C5F1F}.Debug|Any CPU.ActiveCfg = Debug|Any CPU
		{6014D127-82CB-46B0-B949-4BF9404C5F1F}.Debug|Any CPU.Build.0 = Debug|Any CPU
		{6014D127-82CB-46B0-B949-4BF9404C5F1F}.Release|Any CPU.ActiveCfg = Release|Any CPU
		{6014D127-82CB-46B0-B949-4BF9404C5F1F}.Release|Any CPU.Build.0 = Release|Any CPU
		{299A9C99-E61A-4DAC-8061-9BE371934033}.Debug|Any CPU.ActiveCfg = Debug|Any CPU
		{299A9C99-E61A-4DAC-8061-9BE371934033}.Debug|Any CPU.Build.0 = Debug|Any CPU
		{299A9C99-E61A-4DAC-8061-9BE371934033}.Release|Any CPU.ActiveCfg = Release|Any CPU
		{299A9C99-E61A-4DAC-8061-9BE371934033}.Release|Any CPU.Build.0 = Release|Any CPU
		{7E8152B5-B0B2-4AD7-8146-52410F20DD1A}.Debug|Any CPU.ActiveCfg = Debug|Any CPU
		{7E8152B5-B0B2-4AD7-8146-52410F20DD1A}.Debug|Any CPU.Build.0 = Debug|Any CPU
		{7E8152B5-B0B2-4AD7-8146-52410F20DD1A}.Release|Any CPU.ActiveCfg = Release|Any CPU
		{7E8152B5-B0B2-4AD7-8146-52410F20DD1A}.Release|Any CPU.Build.0 = Release|Any CPU
		{7168B762-31BE-485F-BC65-E69BC9B43998}.Debug|Any CPU.ActiveCfg = Debug|Any CPU
		{7168B762-31BE-485F-BC65-E69BC9B43998}.Debug|Any CPU.Build.0 = Debug|Any CPU
		{7168B762-31BE-485F-BC65-E69BC9B43998}.Release|Any CPU.ActiveCfg = Release|Any CPU
		{7168B762-31BE-485F-BC65-E69BC9B43998}.Release|Any CPU.Build.0 = Release|Any CPU
		{762F10DB-5B3B-4D18-B398-2A4198DA6A5E}.Debug|Any CPU.ActiveCfg = Debug|Any CPU
		{762F10DB-5B3B-4D18-B398-2A4198DA6A5E}.Debug|Any CPU.Build.0 = Debug|Any CPU
		{762F10DB-5B3B-4D18-B398-2A4198DA6A5E}.Release|Any CPU.ActiveCfg = Release|Any CPU
		{762F10DB-5B3B-4D18-B398-2A4198DA6A5E}.Release|Any CPU.Build.0 = Release|Any CPU
		{63FFD297-E989-4E41-8C60-56DAAD1DFF0F}.Debug|Any CPU.ActiveCfg = Debug|Any CPU
		{63FFD297-E989-4E41-8C60-56DAAD1DFF0F}.Debug|Any CPU.Build.0 = Debug|Any CPU
		{63FFD297-E989-4E41-8C60-56DAAD1DFF0F}.Release|Any CPU.ActiveCfg = Release|Any CPU
		{63FFD297-E989-4E41-8C60-56DAAD1DFF0F}.Release|Any CPU.Build.0 = Release|Any CPU
		{FD669023-630F-4405-980E-A43D310A277D}.Debug|Any CPU.ActiveCfg = Debug|Any CPU
		{FD669023-630F-4405-980E-A43D310A277D}.Debug|Any CPU.Build.0 = Debug|Any CPU
		{FD669023-630F-4405-980E-A43D310A277D}.Release|Any CPU.ActiveCfg = Release|Any CPU
		{FD669023-630F-4405-980E-A43D310A277D}.Release|Any CPU.Build.0 = Release|Any CPU
		{94A774DB-D56A-4E63-9D03-4A5649A09C9C}.Debug|Any CPU.ActiveCfg = Debug|Any CPU
		{94A774DB-D56A-4E63-9D03-4A5649A09C9C}.Debug|Any CPU.Build.0 = Debug|Any CPU
		{94A774DB-D56A-4E63-9D03-4A5649A09C9C}.Release|Any CPU.ActiveCfg = Release|Any CPU
		{94A774DB-D56A-4E63-9D03-4A5649A09C9C}.Release|Any CPU.Build.0 = Release|Any CPU
		{C9EEA935-087D-41C5-B018-B27749714B1D}.Debug|Any CPU.ActiveCfg = Debug|Any CPU
		{C9EEA935-087D-41C5-B018-B27749714B1D}.Debug|Any CPU.Build.0 = Debug|Any CPU
		{C9EEA935-087D-41C5-B018-B27749714B1D}.Release|Any CPU.ActiveCfg = Release|Any CPU
		{C9EEA935-087D-41C5-B018-B27749714B1D}.Release|Any CPU.Build.0 = Release|Any CPU
		{63CE43EA-5469-47D6-8067-ADE56E0F5BED}.Debug|Any CPU.ActiveCfg = Debug|Any CPU
		{63CE43EA-5469-47D6-8067-ADE56E0F5BED}.Debug|Any CPU.Build.0 = Debug|Any CPU
		{63CE43EA-5469-47D6-8067-ADE56E0F5BED}.Release|Any CPU.ActiveCfg = Release|Any CPU
		{63CE43EA-5469-47D6-8067-ADE56E0F5BED}.Release|Any CPU.Build.0 = Release|Any CPU
		{C71AD5B6-223F-406F-BBFA-C3B4994D60D9}.Debug|Any CPU.ActiveCfg = Debug|Any CPU
		{C71AD5B6-223F-406F-BBFA-C3B4994D60D9}.Debug|Any CPU.Build.0 = Debug|Any CPU
		{C71AD5B6-223F-406F-BBFA-C3B4994D60D9}.Release|Any CPU.ActiveCfg = Release|Any CPU
		{C71AD5B6-223F-406F-BBFA-C3B4994D60D9}.Release|Any CPU.Build.0 = Release|Any CPU
	EndGlobalSection
	GlobalSection(SolutionProperties) = preSolution
		HideSolutionNode = FALSE
	EndGlobalSection
	GlobalSection(NestedProjects) = preSolution
		{110DA07A-89B9-4C04-A0DC-E238026F3979} = {02EA681E-C7D8-13C7-8484-4AC65E1B71E8}
		{8A110B4A-C9ED-40B1-8EA2-688FB7B4D627} = {110DA07A-89B9-4C04-A0DC-E238026F3979}
		{74276116-B585-499D-94C4-A909DEE2DE10} = {02EA681E-C7D8-13C7-8484-4AC65E1B71E8}
		{DDF2C957-DB54-47FE-9598-BC947B652207} = {74276116-B585-499D-94C4-A909DEE2DE10}
		{BFC88DE0-8430-436B-922D-8C6442DC5209} = {DDF2C957-DB54-47FE-9598-BC947B652207}
		{A2972606-49D8-432A-9080-8F9ACC041BBE} = {74276116-B585-499D-94C4-A909DEE2DE10}
		{D411BCB0-AF88-4AAD-ABEA-50BF46A7069F} = {74276116-B585-499D-94C4-A909DEE2DE10}
		{D7B25467-4232-4131-8991-78BB3D4A0812} = {74276116-B585-499D-94C4-A909DEE2DE10}
		{F10A78A6-D520-4A60-96AF-7A1F835704B2} = {A2972606-49D8-432A-9080-8F9ACC041BBE}
		{6014D127-82CB-46B0-B949-4BF9404C5F1F} = {D411BCB0-AF88-4AAD-ABEA-50BF46A7069F}
		{299A9C99-E61A-4DAC-8061-9BE371934033} = {D7B25467-4232-4131-8991-78BB3D4A0812}
		{C27D1CBB-7D25-4442-A4E7-ADBB42B2775F} = {02EA681E-C7D8-13C7-8484-4AC65E1B71E8}
		{9450ACB4-77B2-4329-BBE5-E05CCFC994CC} = {C27D1CBB-7D25-4442-A4E7-ADBB42B2775F}
		{95D0A296-3ADF-46F3-B634-2948C40FDBE3} = {9450ACB4-77B2-4329-BBE5-E05CCFC994CC}
		{7E8152B5-B0B2-4AD7-8146-52410F20DD1A} = {95D0A296-3ADF-46F3-B634-2948C40FDBE3}
		{6F00B4DD-B717-40BD-ACAB-E82DCB8B4ECB} = {9450ACB4-77B2-4329-BBE5-E05CCFC994CC}
		{FE7B4BA6-D01B-4B6C-978A-0FB30BD029B5} = {9450ACB4-77B2-4329-BBE5-E05CCFC994CC}
		{22D5FEEE-E70E-4DC2-BA75-A36B436B7C0B} = {9450ACB4-77B2-4329-BBE5-E05CCFC994CC}
		{7E45475F-DD51-422E-A5DC-A692E9D07D70} = {9450ACB4-77B2-4329-BBE5-E05CCFC994CC}
		{30171A17-3E75-4F69-9ED3-7F151B5B7F60} = {9450ACB4-77B2-4329-BBE5-E05CCFC994CC}
		{CD8EF0D0-4AFF-460C-8EDA-7E070763D9CB} = {9450ACB4-77B2-4329-BBE5-E05CCFC994CC}
		{C3A6C1E9-5E05-4944-BDFC-DC46815F255D} = {9450ACB4-77B2-4329-BBE5-E05CCFC994CC}
		{7168B762-31BE-485F-BC65-E69BC9B43998} = {6F00B4DD-B717-40BD-ACAB-E82DCB8B4ECB}
		{762F10DB-5B3B-4D18-B398-2A4198DA6A5E} = {FE7B4BA6-D01B-4B6C-978A-0FB30BD029B5}
		{63FFD297-E989-4E41-8C60-56DAAD1DFF0F} = {22D5FEEE-E70E-4DC2-BA75-A36B436B7C0B}
		{FD669023-630F-4405-980E-A43D310A277D} = {7E45475F-DD51-422E-A5DC-A692E9D07D70}
		{94A774DB-D56A-4E63-9D03-4A5649A09C9C} = {30171A17-3E75-4F69-9ED3-7F151B5B7F60}
		{C9EEA935-087D-41C5-B018-B27749714B1D} = {CD8EF0D0-4AFF-460C-8EDA-7E070763D9CB}
		{63CE43EA-5469-47D6-8067-ADE56E0F5BED} = {C3A6C1E9-5E05-4944-BDFC-DC46815F255D}
		{E07B2972-1659-4043-9113-1B5ED4B7BC39} = {C27D1CBB-7D25-4442-A4E7-ADBB42B2775F}
		{7501D9AE-34E2-4AEE-89E3-F5024B872D30} = {E07B2972-1659-4043-9113-1B5ED4B7BC39}
		{C71AD5B6-223F-406F-BBFA-C3B4994D60D9} = {7501D9AE-34E2-4AEE-89E3-F5024B872D30}
	EndGlobalSection
	GlobalSection(ExtensibilityGlobals) = postSolution
		SolutionGuid = {5780F210-9A6E-4FD7-9E35-62B588906AB2}
	EndGlobalSection
EndGlobal
